
Microsoft Visual Studio Solution File, Format Version 12.00
# Visual Studio Version 17
VisualStudioVersion = 17.14.36401.2 d17.14
MinimumVisualStudioVersion = 10.0.40219.1
Project("{FAE04EC0-301F-11D3-BF4B-00C04F79EFBC}") = "AcademicClaimHub", "AcademicClaimHub.csproj", "{C3DD4317-B6A9-4639-AC7B-18A66E907B60}"
EndProject
Global
	GlobalSection(SolutionConfigurationPlatforms) = preSolution
		Debug|Any CPU = Debug|Any CPU
		Release|Any CPU = Release|Any CPU
	EndGlobalSection
	GlobalSection(ProjectConfigurationPlatforms) = postSolution
		{C3DD4317-B6A9-4639-AC7B-18A66E907B60}.Debug|Any CPU.ActiveCfg = Debug|Any CPU
		{C3DD4317-B6A9-4639-AC7B-18A66E907B60}.Debug|Any CPU.Build.0 = Debug|Any CPU
		{C3DD4317-B6A9-4639-AC7B-18A66E907B60}.Release|Any CPU.ActiveCfg = Release|Any CPU
		{C3DD4317-B6A9-4639-AC7B-18A66E907B60}.Release|Any CPU.Build.0 = Release|Any CPU
	EndGlobalSection
	GlobalSection(SolutionProperties) = preSolution
		HideSolutionNode = FALSE
	EndGlobalSection
	GlobalSection(ExtensibilityGlobals) = postSolution
		SolutionGuid = {799B4EFD-63EA-4A48-A8E6-0099CF2FAB1C}
	EndGlobalSection
EndGlobal
